
Microsoft Visual Studio Solution File, Format Version 12.00
# Visual Studio Version 16
VisualStudioVersion = 16.0.29519.87
MinimumVisualStudioVersion = 10.0.40219.1
Project("{FAE04EC0-301F-11D3-BF4B-00C04F79EFBC}") = "Praca_InzynierskaV2", "Praca_InzynierskaV2\Praca_InzynierskaV2.csproj", "{BC372732-710B-4D09-BF68-70040BF65881}"
EndProject
Global
	GlobalSection(SolutionConfigurationPlatforms) = preSolution
		Debug|Any CPU = Debug|Any CPU
		Release|Any CPU = Release|Any CPU
	EndGlobalSection
	GlobalSection(ProjectConfigurationPlatforms) = postSolution
		{BC372732-710B-4D09-BF68-70040BF65881}.Debug|Any CPU.ActiveCfg = Debug|Any CPU
		{BC372732-710B-4D09-BF68-70040BF65881}.Debug|Any CPU.Build.0 = Debug|Any CPU
		{BC372732-710B-4D09-BF68-70040BF65881}.Release|Any CPU.ActiveCfg = Release|Any CPU
		{BC372732-710B-4D09-BF68-70040BF65881}.Release|Any CPU.Build.0 = Release|Any CPU
	EndGlobalSection
	GlobalSection(SolutionProperties) = preSolution
		HideSolutionNode = FALSE
	EndGlobalSection
	GlobalSection(ExtensibilityGlobals) = postSolution
		SolutionGuid = {0C6F1E6A-87B3-493E-AA99-BAED953BA23F}
	EndGlobalSection
EndGlobal
